
Microsoft Visual Studio Solution File, Format Version 12.00
# Visual Studio Version 17
VisualStudioVersion = 17.0.31903.59
MinimumVisualStudioVersion = 10.0.40219.1
Project("{2150E333-8FDC-42A3-9474-1A3956D46DE8}") = "gateway", "gateway", "{E7BDDBC6-9FD1-D1D7-ACD8-2C4F8E3D2461}"
EndProject
Project("{FAE04EC0-301F-11D3-BF4B-00C04F79EFBC}") = "Manga.Gateway", "gateway\Manga.Gateway\Manga.Gateway.csproj", "{567D6E8F-1F0B-42B6-B645-F76AC5D84DB2}"
EndProject
Project("{2150E333-8FDC-42A3-9474-1A3956D46DE8}") = "services", "services", "{5854FF58-B8C5-05C6-5BF2-ACE42193F22B}"
EndProject
Project("{2150E333-8FDC-42A3-9474-1A3956D46DE8}") = "editorial-service", "editorial-service", "{01D87732-428F-BE0B-1437-EA2A96D5152F}"
EndProject
Project("{FAE04EC0-301F-11D3-BF4B-00C04F79EFBC}") = "Manga.Editorial.Api", "services\editorial-service\Manga.Editorial.Api\Manga.Editorial.Api.csproj", "{CFE95405-A8CD-4000-BD9A-7AE5A3A30D7D}"
EndProject
Project("{FAE04EC0-301F-11D3-BF4B-00C04F79EFBC}") = "Manga.Editorial.Application", "services\editorial-service\Manga.Editorial.Application\Manga.Editorial.Application.csproj", "{5F614FA3-0E3F-468C-827D-38206FF2B655}"
EndProject
Project("{FAE04EC0-301F-11D3-BF4B-00C04F79EFBC}") = "Manga.Editorial.Domain", "services\editorial-service\Manga.Editorial.Domain\Manga.Editorial.Domain.csproj", "{EEE19730-EE31-4D0A-9310-6984CB723ACC}"
EndProject
Project("{FAE04EC0-301F-11D3-BF4B-00C04F79EFBC}") = "Manga.Editorial.Infrastructure", "services\editorial-service\Manga.Editorial.Infrastructure\Manga.Editorial.Infrastructure.csproj", "{66F0EEC3-4B67-4BFC-AA14-D0295D93D25B}"
EndProject
Project("{2150E333-8FDC-42A3-9474-1A3956D46DE8}") = "file-service", "file-service", "{0627CD9B-BA06-0ED9-0877-4FB821572FE7}"
EndProject
Project("{FAE04EC0-301F-11D3-BF4B-00C04F79EFBC}") = "Manga.File.Api", "services\file-service\Manga.File.Api\Manga.File.Api.csproj", "{05AAC501-B872-44F3-9797-EC39153C7752}"
EndProject
Project("{FAE04EC0-301F-11D3-BF4B-00C04F79EFBC}") = "Manga.File.Application", "services\file-service\Manga.File.Application\Manga.File.Application.csproj", "{5B609223-1608-4ADE-AD30-A7A7D10C080A}"
EndProject
Project("{FAE04EC0-301F-11D3-BF4B-00C04F79EFBC}") = "Manga.File.Domain", "services\file-service\Manga.File.Domain\Manga.File.Domain.csproj", "{23B07E9A-B20A-4666-B38F-77402176A0C7}"
EndProject
Project("{FAE04EC0-301F-11D3-BF4B-00C04F79EFBC}") = "Manga.File.Infrastructure", "services\file-service\Manga.File.Infrastructure\Manga.File.Infrastructure.csproj", "{CA4084B0-EA6A-4A72-91A8-ED8D68ECA830}"
EndProject
Project("{2150E333-8FDC-42A3-9474-1A3956D46DE8}") = "identity-service", "identity-service", "{A86387A1-6CB7-E87F-8D97-922B56EDCEFC}"
EndProject
Project("{FAE04EC0-301F-11D3-BF4B-00C04F79EFBC}") = "Manga.Identity.Api", "services\identity-service\Manga.Identity.Api\Manga.Identity.Api.csproj", "{8417E33D-0B59-450B-9B59-3E4A949712BD}"
EndProject
Project("{FAE04EC0-301F-11D3-BF4B-00C04F79EFBC}") = "Manga.Identity.Application", "services\identity-service\Manga.Identity.Application\Manga.Identity.Application.csproj", "{8094F043-4ABC-4DFA-BFB2-3BC7C8548878}"
EndProject
Project("{FAE04EC0-301F-11D3-BF4B-00C04F79EFBC}") = "Manga.Identity.Domain", "services\identity-service\Manga.Identity.Domain\Manga.Identity.Domain.csproj", "{662EFA40-06C6-4BBB-9BB5-384EBF34539C}"
EndProject
Project("{FAE04EC0-301F-11D3-BF4B-00C04F79EFBC}") = "Manga.Identity.Infrastructure", "services\identity-service\Manga.Identity.Infrastructure\Manga.Identity.Infrastructure.csproj", "{A6F251C8-D71F-486C-802D-FDDB1B8DB6C6}"
EndProject
Project("{2150E333-8FDC-42A3-9474-1A3956D46DE8}") = "manga-service", "manga-service", "{1E8351A5-042E-95FF-B18C-14F602C928BE}"
EndProject
Project("{FAE04EC0-301F-11D3-BF4B-00C04F79EFBC}") = "Manga.Management.Api", "services\manga-service\Manga.Management.Api\Manga.Management.Api.csproj", "{688F81E8-855C-4033-A7A7-4C9750FC68E9}"
EndProject
Project("{FAE04EC0-301F-11D3-BF4B-00C04F79EFBC}") = "Manga.Management.Application", "services\manga-service\Manga.Management.Application\Manga.Management.Application.csproj", "{081E200E-6758-4B97-B24A-A44D772A089A}"
EndProject
Project("{FAE04EC0-301F-11D3-BF4B-00C04F79EFBC}") = "Manga.Management.Domain", "services\manga-service\Manga.Management.Domain\Manga.Management.Domain.csproj", "{2A6041FA-8B15-40E4-BB8F-5BA153512026}"
EndProject
Project("{FAE04EC0-301F-11D3-BF4B-00C04F79EFBC}") = "Manga.Management.Infrastructure", "services\manga-service\Manga.Management.Infrastructure\Manga.Management.Infrastructure.csproj", "{18A73905-DF84-4C87-AFE1-61F4055ACE8B}"
EndProject
Project("{2150E333-8FDC-42A3-9474-1A3956D46DE8}") = "shared", "shared", "{4F52FD11-658E-A102-6CD3-7D7C16FFA15B}"
EndProject
Project("{FAE04EC0-301F-11D3-BF4B-00C04F79EFBC}") = "Manga.BuildingBlocks", "shared\Manga.BuildingBlocks\Manga.BuildingBlocks.csproj", "{56843DB0-D8DC-4908-B20F-E6765A7AEAD0}"
EndProject
Project("{FAE04EC0-301F-11D3-BF4B-00C04F79EFBC}") = "Manga.Contracts", "shared\Manga.Contracts\Manga.Contracts.csproj", "{A6701FEF-A0E7-431A-A2B1-B47EF6F6C8B5}"
EndProject
Project("{FAE04EC0-301F-11D3-BF4B-00C04F79EFBC}") = "Manga.SharedKernel", "shared\Manga.SharedKernel\Manga.SharedKernel.csproj", "{4377AA58-00C8-456E-B313-8673B8DE634C}"
EndProject
Project("{2150E333-8FDC-42A3-9474-1A3956D46DE8}") = "infrastructure", "infrastructure", "{02EA681E-C7D8-13C7-8484-4AC65E1B71E8}"
	ProjectSection(SolutionItems) = preProject
		.env.example = .env.example
		docker-compose.yml = docker-compose.yml
		infrastructure\postgres\init-databases.sql = infrastructure\postgres\init-databases.sql
		README.md = README.md
	EndProjectSection
EndProject
Project("{2150E333-8FDC-42A3-9474-1A3956D46DE8}") = "notification-service", "notification-service", "{C11069B0-78FC-CF9E-9D65-12F697A0DBA7}"
EndProject
Project("{FAE04EC0-301F-11D3-BF4B-00C04F79EFBC}") = "Manga.Notification.Api", "services\notification-service\Manga.Notification.Api\Manga.Notification.Api.csproj", "{B4E029DB-E4FA-4D43-80B4-AD68A424F5A8}"
EndProject
Project("{FAE04EC0-301F-11D3-BF4B-00C04F79EFBC}") = "Manga.Notification.Application", "services\notification-service\Manga.Notification.Application\Manga.Notification.Application.csproj", "{7CE50981-389C-401F-A096-6A4299673A83}"
EndProject
Project("{FAE04EC0-301F-11D3-BF4B-00C04F79EFBC}") = "Manga.Notification.Domain", "services\notification-service\Manga.Notification.Domain\Manga.Notification.Domain.csproj", "{2655F25F-EDFC-4101-A94C-C6397E18D6ED}"
EndProject
Project("{FAE04EC0-301F-11D3-BF4B-00C04F79EFBC}") = "Manga.Notification.Infrastructure", "services\notification-service\Manga.Notification.Infrastructure\Manga.Notification.Infrastructure.csproj", "{752C87C3-FB3A-4196-8F00-4929CF602CDA}"
EndProject
Global
	GlobalSection(SolutionConfigurationPlatforms) = preSolution
		Debug|Any CPU = Debug|Any CPU
		Debug|x64 = Debug|x64
		Debug|x86 = Debug|x86
		Release|Any CPU = Release|Any CPU
		Release|x64 = Release|x64
		Release|x86 = Release|x86
	EndGlobalSection
	GlobalSection(ProjectConfigurationPlatforms) = postSolution
		{567D6E8F-1F0B-42B6-B645-F76AC5D84DB2}.Debug|Any CPU.ActiveCfg = Debug|Any CPU
		{567D6E8F-1F0B-42B6-B645-F76AC5D84DB2}.Debug|Any CPU.Build.0 = Debug|Any CPU
		{567D6E8F-1F0B-42B6-B645-F76AC5D84DB2}.Debug|x64.ActiveCfg = Debug|Any CPU
		{567D6E8F-1F0B-42B6-B645-F76AC5D84DB2}.Debug|x64.Build.0 = Debug|Any CPU
		{567D6E8F-1F0B-42B6-B645-F76AC5D84DB2}.Debug|x86.ActiveCfg = Debug|Any CPU
		{567D6E8F-1F0B-42B6-B645-F76AC5D84DB2}.Debug|x86.Build.0 = Debug|Any CPU
		{567D6E8F-1F0B-42B6-B645-F76AC5D84DB2}.Release|Any CPU.ActiveCfg = Release|Any CPU
		{567D6E8F-1F0B-42B6-B645-F76AC5D84DB2}.Release|Any CPU.Build.0 = Release|Any CPU
		{567D6E8F-1F0B-42B6-B645-F76AC5D84DB2}.Release|x64.ActiveCfg = Release|Any CPU
		{567D6E8F-1F0B-42B6-B645-F76AC5D84DB2}.Release|x64.Build.0 = Release|Any CPU
		{567D6E8F-1F0B-42B6-B645-F76AC5D84DB2}.Release|x86.ActiveCfg = Release|Any CPU
		{567D6E8F-1F0B-42B6-B645-F76AC5D84DB2}.Release|x86.Build.0 = Release|Any CPU
		{CFE95405-A8CD-4000-BD9A-7AE5A3A30D7D}.Debug|Any CPU.ActiveCfg = Debug|Any CPU
		{CFE95405-A8CD-4000-BD9A-7AE5A3A30D7D}.Debug|Any CPU.Build.0 = Debug|Any CPU
		{CFE95405-A8CD-4000-BD9A-7AE5A3A30D7D}.Debug|x64.ActiveCfg = Debug|Any CPU
		{CFE95405-A8CD-4000-BD9A-7AE5A3A30D7D}.Debug|x64.Build.0 = Debug|Any CPU
		{CFE95405-A8CD-4000-BD9A-7AE5A3A30D7D}.Debug|x86.ActiveCfg = Debug|Any CPU
		{CFE95405-A8CD-4000-BD9A-7AE5A3A30D7D}.Debug|x86.Build.0 = Debug|Any CPU
		{CFE95405-A8CD-4000-BD9A-7AE5A3A30D7D}.Release|Any CPU.ActiveCfg = Release|Any CPU
		{CFE95405-A8CD-4000-BD9A-7AE5A3A30D7D}.Release|Any CPU.Build.0 = Release|Any CPU
		{CFE95405-A8CD-4000-BD9A-7AE5A3A30D7D}.Release|x64.ActiveCfg = Release|Any CPU
		{CFE95405-A8CD-4000-BD9A-7AE5A3A30D7D}.Release|x64.Build.0 = Release|Any CPU
		{CFE95405-A8CD-4000-BD9A-7AE5A3A30D7D}.Release|x86.ActiveCfg = Release|Any CPU
		{CFE95405-A8CD-4000-BD9A-7AE5A3A30D7D}.Release|x86.Build.0 = Release|Any CPU
		{5F614FA3-0E3F-468C-827D-38206FF2B655}.Debug|Any CPU.ActiveCfg = Debug|Any CPU
		{5F614FA3-0E3F-468C-827D-38206FF2B655}.Debug|Any CPU.Build.0 = Debug|Any CPU
		{5F614FA3-0E3F-468C-827D-38206FF2B655}.Debug|x64.ActiveCfg = Debug|Any CPU
		{5F614FA3-0E3F-468C-827D-38206FF2B655}.Debug|x64.Build.0 = Debug|Any CPU
		{5F614FA3-0E3F-468C-827D-38206FF2B655}.Debug|x86.ActiveCfg = Debug|Any CPU
		{5F614FA3-0E3F-468C-827D-38206FF2B655}.Debug|x86.Build.0 = Debug|Any CPU
		{5F614FA3-0E3F-468C-827D-38206FF2B655}.Release|Any CPU.ActiveCfg = Release|Any CPU
		{5F614FA3-0E3F-468C-827D-38206FF2B655}.Release|Any CPU.Build.0 = Release|Any CPU
		{5F614FA3-0E3F-468C-827D-38206FF2B655}.Release|x64.ActiveCfg = Release|Any CPU
		{5F614FA3-0E3F-468C-827D-38206FF2B655}.Release|x64.Build.0 = Release|Any CPU
		{5F614FA3-0E3F-468C-827D-38206FF2B655}.Release|x86.ActiveCfg = Release|Any CPU
		{5F614FA3-0E3F-468C-827D-38206FF2B655}.Release|x86.Build.0 = Release|Any CPU
		{EEE19730-EE31-4D0A-9310-6984CB723ACC}.Debug|Any CPU.ActiveCfg = Debug|Any CPU
		{EEE19730-EE31-4D0A-9310-6984CB723ACC}.Debug|Any CPU.Build.0 = Debug|Any CPU
		{EEE19730-EE31-4D0A-9310-6984CB723ACC}.Debug|x64.ActiveCfg = Debug|Any CPU
		{EEE19730-EE31-4D0A-9310-6984CB723ACC}.Debug|x64.Build.0 = Debug|Any CPU
		{EEE19730-EE31-4D0A-9310-6984CB723ACC}.Debug|x86.ActiveCfg = Debug|Any CPU
		{EEE19730-EE31-4D0A-9310-6984CB723ACC}.Debug|x86.Build.0 = Debug|Any CPU
		{EEE19730-EE31-4D0A-9310-6984CB723ACC}.Release|Any CPU.ActiveCfg = Release|Any CPU
		{EEE19730-EE31-4D0A-9310-6984CB723ACC}.Release|Any CPU.Build.0 = Release|Any CPU
		{EEE19730-EE31-4D0A-9310-6984CB723ACC}.Release|x64.ActiveCfg = Release|Any CPU
		{EEE19730-EE31-4D0A-9310-6984CB723ACC}.Release|x64.Build.0 = Release|Any CPU
		{EEE19730-EE31-4D0A-9310-6984CB723ACC}.Release|x86.ActiveCfg = Release|Any CPU
		{EEE19730-EE31-4D0A-9310-6984CB723ACC}.Release|x86.Build.0 = Release|Any CPU
		{66F0EEC3-4B67-4BFC-AA14-D0295D93D25B}.Debug|Any CPU.ActiveCfg = Debug|Any CPU
		{66F0EEC3-4B67-4BFC-AA14-D0295D93D25B}.Debug|Any CPU.Build.0 = Debug|Any CPU
		{66F0EEC3-4B67-4BFC-AA14-D0295D93D25B}.Debug|x64.ActiveCfg = Debug|Any CPU
		{66F0EEC3-4B67-4BFC-AA14-D0295D93D25B}.Debug|x64.Build.0 = Debug|Any CPU
		{66F0EEC3-4B67-4BFC-AA14-D0295D93D25B}.Debug|x86.ActiveCfg = Debug|Any CPU
		{66F0EEC3-4B67-4BFC-AA14-D0295D93D25B}.Debug|x86.Build.0 = Debug|Any CPU
		{66F0EEC3-4B67-4BFC-AA14-D0295D93D25B}.Release|Any CPU.ActiveCfg = Release|Any CPU
		{66F0EEC3-4B67-4BFC-AA14-D0295D93D25B}.Release|Any CPU.Build.0 = Release|Any CPU
		{66F0EEC3-4B67-4BFC-AA14-D0295D93D25B}.Release|x64.ActiveCfg = Release|Any CPU
		{66F0EEC3-4B67-4BFC-AA14-D0295D93D25B}.Release|x64.Build.0 = Release|Any CPU
		{66F0EEC3-4B67-4BFC-AA14-D0295D93D25B}.Release|x86.ActiveCfg = Release|Any CPU
		{66F0EEC3-4B67-4BFC-AA14-D0295D93D25B}.Release|x86.Build.0 = Release|Any CPU
		{05AAC501-B872-44F3-9797-EC39153C7752}.Debug|Any CPU.ActiveCfg = Debug|Any CPU
		{05AAC501-B872-44F3-9797-EC39153C7752}.Debug|Any CPU.Build.0 = Debug|Any CPU
		{05AAC501-B872-44F3-9797-EC39153C7752}.Debug|x64.ActiveCfg = Debug|Any CPU
		{05AAC501-B872-44F3-9797-EC39153C7752}.Debug|x64.Build.0 = Debug|Any CPU
		{05AAC501-B872-44F3-9797-EC39153C7752}.Debug|x86.ActiveCfg = Debug|Any CPU
		{05AAC501-B872-44F3-9797-EC39153C7752}.Debug|x86.Build.0 = Debug|Any CPU
		{05AAC501-B872-44F3-9797-EC39153C7752}.Release|Any CPU.ActiveCfg = Release|Any CPU
		{05AAC501-B872-44F3-9797-EC39153C7752}.Release|Any CPU.Build.0 = Release|Any CPU
		{05AAC501-B872-44F3-9797-EC39153C7752}.Release|x64.ActiveCfg = Release|Any CPU
		{05AAC501-B872-44F3-9797-EC39153C7752}.Release|x64.Build.0 = Release|Any CPU
		{05AAC501-B872-44F3-9797-EC39153C7752}.Release|x86.ActiveCfg = Release|Any CPU
		{05AAC501-B872-44F3-9797-EC39153C7752}.Release|x86.Build.0 = Release|Any CPU
		{5B609223-1608-4ADE-AD30-A7A7D10C080A}.Debug|Any CPU.ActiveCfg = Debug|Any CPU
		{5B609223-1608-4ADE-AD30-A7A7D10C080A}.Debug|Any CPU.Build.0 = Debug|Any CPU
		{5B609223-1608-4ADE-AD30-A7A7D10C080A}.Debug|x64.ActiveCfg = Debug|Any CPU
		{5B609223-1608-4ADE-AD30-A7A7D10C080A}.Debug|x64.Build.0 = Debug|Any CPU
		{5B609223-1608-4ADE-AD30-A7A7D10C080A}.Debug|x86.ActiveCfg = Debug|Any CPU
		{5B609223-1608-4ADE-AD30-A7A7D10C080A}.Debug|x86.Build.0 = Debug|Any CPU
		{5B609223-1608-4ADE-AD30-A7A7D10C080A}.Release|Any CPU.ActiveCfg = Release|Any CPU
		{5B609223-1608-4ADE-AD30-A7A7D10C080A}.Release|Any CPU.Build.0 = Release|Any CPU
		{5B609223-1608-4ADE-AD30-A7A7D10C080A}.Release|x64.ActiveCfg = Release|Any CPU
		{5B609223-1608-4ADE-AD30-A7A7D10C080A}.Release|x64.Build.0 = Release|Any CPU
		{5B609223-1608-4ADE-AD30-A7A7D10C080A}.Release|x86.ActiveCfg = Release|Any CPU
		{5B609223-1608-4ADE-AD30-A7A7D10C080A}.Release|x86.Build.0 = Release|Any CPU
		{23B07E9A-B20A-4666-B38F-77402176A0C7}.Debug|Any CPU.ActiveCfg = Debug|Any CPU
		{23B07E9A-B20A-4666-B38F-77402176A0C7}.Debug|Any CPU.Build.0 = Debug|Any CPU
		{23B07E9A-B20A-4666-B38F-77402176A0C7}.Debug|x64.ActiveCfg = Debug|Any CPU
		{23B07E9A-B20A-4666-B38F-77402176A0C7}.Debug|x64.Build.0 = Debug|Any CPU
		{23B07E9A-B20A-4666-B38F-77402176A0C7}.Debug|x86.ActiveCfg = Debug|Any CPU
		{23B07E9A-B20A-4666-B38F-77402176A0C7}.Debug|x86.Build.0 = Debug|Any CPU
		{23B07E9A-B20A-4666-B38F-77402176A0C7}.Release|Any CPU.ActiveCfg = Release|Any CPU
		{23B07E9A-B20A-4666-B38F-77402176A0C7}.Release|Any CPU.Build.0 = Release|Any CPU
		{23B07E9A-B20A-4666-B38F-77402176A0C7}.Release|x64.ActiveCfg = Release|Any CPU
		{23B07E9A-B20A-4666-B38F-77402176A0C7}.Release|x64.Build.0 = Release|Any CPU
		{23B07E9A-B20A-4666-B38F-77402176A0C7}.Release|x86.ActiveCfg = Release|Any CPU
		{23B07E9A-B20A-4666-B38F-77402176A0C7}.Release|x86.Build.0 = Release|Any CPU
		{CA4084B0-EA6A-4A72-91A8-ED8D68ECA830}.Debug|Any CPU.ActiveCfg = Debug|Any CPU
		{CA4084B0-EA6A-4A72-91A8-ED8D68ECA830}.Debug|Any CPU.Build.0 = Debug|Any CPU
		{CA4084B0-EA6A-4A72-91A8-ED8D68ECA830}.Debug|x64.ActiveCfg = Debug|Any CPU
		{CA4084B0-EA6A-4A72-91A8-ED8D68ECA830}.Debug|x64.Build.0 = Debug|Any CPU
		{CA4084B0-EA6A-4A72-91A8-ED8D68ECA830}.Debug|x86.ActiveCfg = Debug|Any CPU
		{CA4084B0-EA6A-4A72-91A8-ED8D68ECA830}.Debug|x86.Build.0 = Debug|Any CPU
		{CA4084B0-EA6A-4A72-91A8-ED8D68ECA830}.Release|Any CPU.ActiveCfg = Release|Any CPU
		{CA4084B0-EA6A-4A72-91A8-ED8D68ECA830}.Release|Any CPU.Build.0 = Release|Any CPU
		{CA4084B0-EA6A-4A72-91A8-ED8D68ECA830}.Release|x64.ActiveCfg = Release|Any CPU
		{CA4084B0-EA6A-4A72-91A8-ED8D68ECA830}.Release|x64.Build.0 = Release|Any CPU
		{CA4084B0-EA6A-4A72-91A8-ED8D68ECA830}.Release|x86.ActiveCfg = Release|Any CPU
		{CA4084B0-EA6A-4A72-91A8-ED8D68ECA830}.Release|x86.Build.0 = Release|Any CPU
		{8417E33D-0B59-450B-9B59-3E4A949712BD}.Debug|Any CPU.ActiveCfg = Debug|Any CPU
		{8417E33D-0B59-450B-9B59-3E4A949712BD}.Debug|Any CPU.Build.0 = Debug|Any CPU
		{8417E33D-0B59-450B-9B59-3E4A949712BD}.Debug|x64.ActiveCfg = Debug|Any CPU
		{8417E33D-0B59-450B-9B59-3E4A949712BD}.Debug|x64.Build.0 = Debug|Any CPU
		{8417E33D-0B59-450B-9B59-3E4A949712BD}.Debug|x86.ActiveCfg = Debug|Any CPU
		{8417E33D-0B59-450B-9B59-3E4A949712BD}.Debug|x86.Build.0 = Debug|Any CPU
		{8417E33D-0B59-450B-9B59-3E4A949712BD}.Release|Any CPU.ActiveCfg = Release|Any CPU
		{8417E33D-0B59-450B-9B59-3E4A949712BD}.Release|Any CPU.Build.0 = Release|Any CPU
		{8417E33D-0B59-450B-9B59-3E4A949712BD}.Release|x64.ActiveCfg = Release|Any CPU
		{8417E33D-0B59-450B-9B59-3E4A949712BD}.Release|x64.Build.0 = Release|Any CPU
		{8417E33D-0B59-450B-9B59-3E4A949712BD}.Release|x86.ActiveCfg = Release|Any CPU
		{8417E33D-0B59-450B-9B59-3E4A949712BD}.Release|x86.Build.0 = Release|Any CPU
		{8094F043-4ABC-4DFA-BFB2-3BC7C8548878}.Debug|Any CPU.ActiveCfg = Debug|Any CPU
		{8094F043-4ABC-4DFA-BFB2-3BC7C8548878}.Debug|Any CPU.Build.0 = Debug|Any CPU
		{8094F043-4ABC-4DFA-BFB2-3BC7C8548878}.Debug|x64.ActiveCfg = Debug|Any CPU
		{8094F043-4ABC-4DFA-BFB2-3BC7C8548878}.Debug|x64.Build.0 = Debug|Any CPU
		{8094F043-4ABC-4DFA-BFB2-3BC7C8548878}.Debug|x86.ActiveCfg = Debug|Any CPU
		{8094F043-4ABC-4DFA-BFB2-3BC7C8548878}.Debug|x86.Build.0 = Debug|Any CPU
		{8094F043-4ABC-4DFA-BFB2-3BC7C8548878}.Release|Any CPU.ActiveCfg = Release|Any CPU
		{8094F043-4ABC-4DFA-BFB2-3BC7C8548878}.Release|Any CPU.Build.0 = Release|Any CPU
		{8094F043-4ABC-4DFA-BFB2-3BC7C8548878}.Release|x64.ActiveCfg = Release|Any CPU
		{8094F043-4ABC-4DFA-BFB2-3BC7C8548878}.Release|x64.Build.0 = Release|Any CPU
		{8094F043-4ABC-4DFA-BFB2-3BC7C8548878}.Release|x86.ActiveCfg = Release|Any CPU
		{8094F043-4ABC-4DFA-BFB2-3BC7C8548878}.Release|x86.Build.0 = Release|Any CPU
		{662EFA40-06C6-4BBB-9BB5-384EBF34539C}.Debug|Any CPU.ActiveCfg = Debug|Any CPU
		{662EFA40-06C6-4BBB-9BB5-384EBF34539C}.Debug|Any CPU.Build.0 = Debug|Any CPU
		{662EFA40-06C6-4BBB-9BB5-384EBF34539C}.Debug|x64.ActiveCfg = Debug|Any CPU
		{662EFA40-06C6-4BBB-9BB5-384EBF34539C}.Debug|x64.Build.0 = Debug|Any CPU
		{662EFA40-06C6-4BBB-9BB5-384EBF34539C}.Debug|x86.ActiveCfg = Debug|Any CPU
		{662EFA40-06C6-4BBB-9BB5-384EBF34539C}.Debug|x86.Build.0 = Debug|Any CPU
		{662EFA40-06C6-4BBB-9BB5-384EBF34539C}.Release|Any CPU.ActiveCfg = Release|Any CPU
		{662EFA40-06C6-4BBB-9BB5-384EBF34539C}.Release|Any CPU.Build.0 = Release|Any CPU
		{662EFA40-06C6-4BBB-9BB5-384EBF34539C}.Release|x64.ActiveCfg = Release|Any CPU
		{662EFA40-06C6-4BBB-9BB5-384EBF34539C}.Release|x64.Build.0 = Release|Any CPU
		{662EFA40-06C6-4BBB-9BB5-384EBF34539C}.Release|x86.ActiveCfg = Release|Any CPU
		{662EFA40-06C6-4BBB-9BB5-384EBF34539C}.Release|x86.Build.0 = Release|Any CPU
		{A6F251C8-D71F-486C-802D-FDDB1B8DB6C6}.Debug|Any CPU.ActiveCfg = Debug|Any CPU
		{A6F251C8-D71F-486C-802D-FDDB1B8DB6C6}.Debug|Any CPU.Build.0 = Debug|Any CPU
		{A6F251C8-D71F-486C-802D-FDDB1B8DB6C6}.Debug|x64.ActiveCfg = Debug|Any CPU
		{A6F251C8-D71F-486C-802D-FDDB1B8DB6C6}.Debug|x64.Build.0 = Debug|Any CPU
		{A6F251C8-D71F-486C-802D-FDDB1B8DB6C6}.Debug|x86.ActiveCfg = Debug|Any CPU
		{A6F251C8-D71F-486C-802D-FDDB1B8DB6C6}.Debug|x86.Build.0 = Debug|Any CPU
		{A6F251C8-D71F-486C-802D-FDDB1B8DB6C6}.Release|Any CPU.ActiveCfg = Release|Any CPU
		{A6F251C8-D71F-486C-802D-FDDB1B8DB6C6}.Release|Any CPU.Build.0 = Release|Any CPU
		{A6F251C8-D71F-486C-802D-FDDB1B8DB6C6}.Release|x64.ActiveCfg = Release|Any CPU
		{A6F251C8-D71F-486C-802D-FDDB1B8DB6C6}.Release|x64.Build.0 = Release|Any CPU
		{A6F251C8-D71F-486C-802D-FDDB1B8DB6C6}.Release|x86.ActiveCfg = Release|Any CPU
		{A6F251C8-D71F-486C-802D-FDDB1B8DB6C6}.Release|x86.Build.0 = Release|Any CPU
		{688F81E8-855C-4033-A7A7-4C9750FC68E9}.Debug|Any CPU.ActiveCfg = Debug|Any CPU
		{688F81E8-855C-4033-A7A7-4C9750FC68E9}.Debug|Any CPU.Build.0 = Debug|Any CPU
		{688F81E8-855C-4033-A7A7-4C9750FC68E9}.Debug|x64.ActiveCfg = Debug|Any CPU
		{688F81E8-855C-4033-A7A7-4C9750FC68E9}.Debug|x64.Build.0 = Debug|Any CPU
		{688F81E8-855C-4033-A7A7-4C9750FC68E9}.Debug|x86.ActiveCfg = Debug|Any CPU
		{688F81E8-855C-4033-A7A7-4C9750FC68E9}.Debug|x86.Build.0 = Debug|Any CPU
		{688F81E8-855C-4033-A7A7-4C9750FC68E9}.Release|Any CPU.ActiveCfg = Release|Any CPU
		{688F81E8-855C-4033-A7A7-4C9750FC68E9}.Release|Any CPU.Build.0 = Release|Any CPU
		{688F81E8-855C-4033-A7A7-4C9750FC68E9}.Release|x64.ActiveCfg = Release|Any CPU
		{688F81E8-855C-4033-A7A7-4C9750FC68E9}.Release|x64.Build.0 = Release|Any CPU
		{688F81E8-855C-4033-A7A7-4C9750FC68E9}.Release|x86.ActiveCfg = Release|Any CPU
		{688F81E8-855C-4033-A7A7-4C9750FC68E9}.Release|x86.Build.0 = Release|Any CPU
		{081E200E-6758-4B97-B24A-A44D772A089A}.Debug|Any CPU.ActiveCfg = Debug|Any CPU
		{081E200E-6758-4B97-B24A-A44D772A089A}.Debug|Any CPU.Build.0 = Debug|Any CPU
		{081E200E-6758-4B97-B24A-A44D772A089A}.Debug|x64.ActiveCfg = Debug|Any CPU
		{081E200E-6758-4B97-B24A-A44D772A089A}.Debug|x64.Build.0 = Debug|Any CPU
		{081E200E-6758-4B97-B24A-A44D772A089A}.Debug|x86.ActiveCfg = Debug|Any CPU
		{081E200E-6758-4B97-B24A-A44D772A089A}.Debug|x86.Build.0 = Debug|Any CPU
		{081E200E-6758-4B97-B24A-A44D772A089A}.Release|Any CPU.ActiveCfg = Release|Any CPU
		{081E200E-6758-4B97-B24A-A44D772A089A}.Release|Any CPU.Build.0 = Release|Any CPU
		{081E200E-6758-4B97-B24A-A44D772A089A}.Release|x64.ActiveCfg = Release|Any CPU
		{081E200E-6758-4B97-B24A-A44D772A089A}.Release|x64.Build.0 = Release|Any CPU
		{081E200E-6758-4B97-B24A-A44D772A089A}.Release|x86.ActiveCfg = Release|Any CPU
		{081E200E-6758-4B97-B24A-A44D772A089A}.Release|x86.Build.0 = Release|Any CPU
		{2A6041FA-8B15-40E4-BB8F-5BA153512026}.Debug|Any CPU.ActiveCfg = Debug|Any CPU
		{2A6041FA-8B15-40E4-BB8F-5BA153512026}.Debug|Any CPU.Build.0 = Debug|Any CPU
		{2A6041FA-8B15-40E4-BB8F-5BA153512026}.Debug|x64.ActiveCfg = Debug|Any CPU
		{2A6041FA-8B15-40E4-BB8F-5BA153512026}.Debug|x64.Build.0 = Debug|Any CPU
		{2A6041FA-8B15-40E4-BB8F-5BA153512026}.Debug|x86.ActiveCfg = Debug|Any CPU
		{2A6041FA-8B15-40E4-BB8F-5BA153512026}.Debug|x86.Build.0 = Debug|Any CPU
		{2A6041FA-8B15-40E4-BB8F-5BA153512026}.Release|Any CPU.ActiveCfg = Release|Any CPU
		{2A6041FA-8B15-40E4-BB8F-5BA153512026}.Release|Any CPU.Build.0 = Release|Any CPU
		{2A6041FA-8B15-40E4-BB8F-5BA153512026}.Release|x64.ActiveCfg = Release|Any CPU
		{2A6041FA-8B15-40E4-BB8F-5BA153512026}.Release|x64.Build.0 = Release|Any CPU
		{2A6041FA-8B15-40E4-BB8F-5BA153512026}.Release|x86.ActiveCfg = Release|Any CPU
		{2A6041FA-8B15-40E4-BB8F-5BA153512026}.Release|x86.Build.0 = Release|Any CPU
		{18A73905-DF84-4C87-AFE1-61F4055ACE8B}.Debug|Any CPU.ActiveCfg = Debug|Any CPU
		{18A73905-DF84-4C87-AFE1-61F4055ACE8B}.Debug|Any CPU.Build.0 = Debug|Any CPU
		{18A73905-DF84-4C87-AFE1-61F4055ACE8B}.Debug|x64.ActiveCfg = Debug|Any CPU
		{18A73905-DF84-4C87-AFE1-61F4055ACE8B}.Debug|x64.Build.0 = Debug|Any CPU
		{18A73905-DF84-4C87-AFE1-61F4055ACE8B}.Debug|x86.ActiveCfg = Debug|Any CPU
		{18A73905-DF84-4C87-AFE1-61F4055ACE8B}.Debug|x86.Build.0 = Debug|Any CPU
		{18A73905-DF84-4C87-AFE1-61F4055ACE8B}.Release|Any CPU.ActiveCfg = Release|Any CPU
		{18A73905-DF84-4C87-AFE1-61F4055ACE8B}.Release|Any CPU.Build.0 = Release|Any CPU
		{18A73905-DF84-4C87-AFE1-61F4055ACE8B}.Release|x64.ActiveCfg = Release|Any CPU
		{18A73905-DF84-4C87-AFE1-61F4055ACE8B}.Release|x64.Build.0 = Release|Any CPU
		{18A73905-DF84-4C87-AFE1-61F4055ACE8B}.Release|x86.ActiveCfg = Release|Any CPU
		{18A73905-DF84-4C87-AFE1-61F4055ACE8B}.Release|x86.Build.0 = Release|Any CPU
		{56843DB0-D8DC-4908-B20F-E6765A7AEAD0}.Debug|Any CPU.ActiveCfg = Debug|Any CPU
		{56843DB0-D8DC-4908-B20F-E6765A7AEAD0}.Debug|Any CPU.Build.0 = Debug|Any CPU
		{56843DB0-D8DC-4908-B20F-E6765A7AEAD0}.Debug|x64.ActiveCfg = Debug|Any CPU
		{56843DB0-D8DC-4908-B20F-E6765A7AEAD0}.Debug|x64.Build.0 = Debug|Any CPU
		{56843DB0-D8DC-4908-B20F-E6765A7AEAD0}.Debug|x86.ActiveCfg = Debug|Any CPU
		{56843DB0-D8DC-4908-B20F-E6765A7AEAD0}.Debug|x86.Build.0 = Debug|Any CPU
		{56843DB0-D8DC-4908-B20F-E6765A7AEAD0}.Release|Any CPU.ActiveCfg = Release|Any CPU
		{56843DB0-D8DC-4908-B20F-E6765A7AEAD0}.Release|Any CPU.Build.0 = Release|Any CPU
		{56843DB0-D8DC-4908-B20F-E6765A7AEAD0}.Release|x64.ActiveCfg = Release|Any CPU
		{56843DB0-D8DC-4908-B20F-E6765A7AEAD0}.Release|x64.Build.0 = Release|Any CPU
		{56843DB0-D8DC-4908-B20F-E6765A7AEAD0}.Release|x86.ActiveCfg = Release|Any CPU
		{56843DB0-D8DC-4908-B20F-E6765A7AEAD0}.Release|x86.Build.0 = Release|Any CPU
		{A6701FEF-A0E7-431A-A2B1-B47EF6F6C8B5}.Debug|Any CPU.ActiveCfg = Debug|Any CPU
		{A6701FEF-A0E7-431A-A2B1-B47EF6F6C8B5}.Debug|Any CPU.Build.0 = Debug|Any CPU
		{A6701FEF-A0E7-431A-A2B1-B47EF6F6C8B5}.Debug|x64.ActiveCfg = Debug|Any CPU
		{A6701FEF-A0E7-431A-A2B1-B47EF6F6C8B5}.Debug|x64.Build.0 = Debug|Any CPU
		{A6701FEF-A0E7-431A-A2B1-B47EF6F6C8B5}.Debug|x86.ActiveCfg = Debug|Any CPU
		{A6701FEF-A0E7-431A-A2B1-B47EF6F6C8B5}.Debug|x86.Build.0 = Debug|Any CPU
		{A6701FEF-A0E7-431A-A2B1-B47EF6F6C8B5}.Release|Any CPU.ActiveCfg = Release|Any CPU
		{A6701FEF-A0E7-431A-A2B1-B47EF6F6C8B5}.Release|Any CPU.Build.0 = Release|Any CPU
		{A6701FEF-A0E7-431A-A2B1-B47EF6F6C8B5}.Release|x64.ActiveCfg = Release|Any CPU
		{A6701FEF-A0E7-431A-A2B1-B47EF6F6C8B5}.Release|x64.Build.0 = Release|Any CPU
		{A6701FEF-A0E7-431A-A2B1-B47EF6F6C8B5}.Release|x86.ActiveCfg = Release|Any CPU
		{A6701FEF-A0E7-431A-A2B1-B47EF6F6C8B5}.Release|x86.Build.0 = Release|Any CPU
		{4377AA58-00C8-456E-B313-8673B8DE634C}.Debug|Any CPU.ActiveCfg = Debug|Any CPU
		{4377AA58-00C8-456E-B313-8673B8DE634C}.Debug|Any CPU.Build.0 = Debug|Any CPU
		{4377AA58-00C8-456E-B313-8673B8DE634C}.Debug|x64.ActiveCfg = Debug|Any CPU
		{4377AA58-00C8-456E-B313-8673B8DE634C}.Debug|x64.Build.0 = Debug|Any CPU
		{4377AA58-00C8-456E-B313-8673B8DE634C}.Debug|x86.ActiveCfg = Debug|Any CPU
		{4377AA58-00C8-456E-B313-8673B8DE634C}.Debug|x86.Build.0 = Debug|Any CPU
		{4377AA58-00C8-456E-B313-8673B8DE634C}.Release|Any CPU.ActiveCfg = Release|Any CPU
		{4377AA58-00C8-456E-B313-8673B8DE634C}.Release|Any CPU.Build.0 = Release|Any CPU
		{4377AA58-00C8-456E-B313-8673B8DE634C}.Release|x64.ActiveCfg = Release|Any CPU
		{4377AA58-00C8-456E-B313-8673B8DE634C}.Release|x64.Build.0 = Release|Any CPU
		{4377AA58-00C8-456E-B313-8673B8DE634C}.Release|x86.ActiveCfg = Release|Any CPU
		{4377AA58-00C8-456E-B313-8673B8DE634C}.Release|x86.Build.0 = Release|Any CPU
		{B4E029DB-E4FA-4D43-80B4-AD68A424F5A8}.Debug|Any CPU.ActiveCfg = Debug|Any CPU
		{B4E029DB-E4FA-4D43-80B4-AD68A424F5A8}.Debug|Any CPU.Build.0 = Debug|Any CPU
		{B4E029DB-E4FA-4D43-80B4-AD68A424F5A8}.Debug|x64.ActiveCfg = Debug|Any CPU
		{B4E029DB-E4FA-4D43-80B4-AD68A424F5A8}.Debug|x64.Build.0 = Debug|Any CPU
		{B4E029DB-E4FA-4D43-80B4-AD68A424F5A8}.Debug|x86.ActiveCfg = Debug|Any CPU
		{B4E029DB-E4FA-4D43-80B4-AD68A424F5A8}.Debug|x86.Build.0 = Debug|Any CPU
		{B4E029DB-E4FA-4D43-80B4-AD68A424F5A8}.Release|Any CPU.ActiveCfg = Release|Any CPU
		{B4E029DB-E4FA-4D43-80B4-AD68A424F5A8}.Release|Any CPU.Build.0 = Release|Any CPU
		{B4E029DB-E4FA-4D43-80B4-AD68A424F5A8}.Release|x64.ActiveCfg = Release|Any CPU
		{B4E029DB-E4FA-4D43-80B4-AD68A424F5A8}.Release|x64.Build.0 = Release|Any CPU
		{B4E029DB-E4FA-4D43-80B4-AD68A424F5A8}.Release|x86.ActiveCfg = Release|Any CPU
		{B4E029DB-E4FA-4D43-80B4-AD68A424F5A8}.Release|x86.Build.0 = Release|Any CPU
		{7CE50981-389C-401F-A096-6A4299673A83}.Debug|Any CPU.ActiveCfg = Debug|Any CPU
		{7CE50981-389C-401F-A096-6A4299673A83}.Debug|Any CPU.Build.0 = Debug|Any CPU
		{7CE50981-389C-401F-A096-6A4299673A83}.Debug|x64.ActiveCfg = Debug|Any CPU
		{7CE50981-389C-401F-A096-6A4299673A83}.Debug|x64.Build.0 = Debug|Any CPU
		{7CE50981-389C-401F-A096-6A4299673A83}.Debug|x86.ActiveCfg = Debug|Any CPU
		{7CE50981-389C-401F-A096-6A4299673A83}.Debug|x86.Build.0 = Debug|Any CPU
		{7CE50981-389C-401F-A096-6A4299673A83}.Release|Any CPU.ActiveCfg = Release|Any CPU
		{7CE50981-389C-401F-A096-6A4299673A83}.Release|Any CPU.Build.0 = Release|Any CPU
		{7CE50981-389C-401F-A096-6A4299673A83}.Release|x64.ActiveCfg = Release|Any CPU
		{7CE50981-389C-401F-A096-6A4299673A83}.Release|x64.Build.0 = Release|Any CPU
		{7CE50981-389C-401F-A096-6A4299673A83}.Release|x86.ActiveCfg = Release|Any CPU
		{7CE50981-389C-401F-A096-6A4299673A83}.Release|x86.Build.0 = Release|Any CPU
		{2655F25F-EDFC-4101-A94C-C6397E18D6ED}.Debug|Any CPU.ActiveCfg = Debug|Any CPU
		{2655F25F-EDFC-4101-A94C-C6397E18D6ED}.Debug|Any CPU.Build.0 = Debug|Any CPU
		{2655F25F-EDFC-4101-A94C-C6397E18D6ED}.Debug|x64.ActiveCfg = Debug|Any CPU
		{2655F25F-EDFC-4101-A94C-C6397E18D6ED}.Debug|x64.Build.0 = Debug|Any CPU
		{2655F25F-EDFC-4101-A94C-C6397E18D6ED}.Debug|x86.ActiveCfg = Debug|Any CPU
		{2655F25F-EDFC-4101-A94C-C6397E18D6ED}.Debug|x86.Build.0 = Debug|Any CPU
		{2655F25F-EDFC-4101-A94C-C6397E18D6ED}.Release|Any CPU.ActiveCfg = Release|Any CPU
		{2655F25F-EDFC-4101-A94C-C6397E18D6ED}.Release|Any CPU.Build.0 = Release|Any CPU
		{2655F25F-EDFC-4101-A94C-C6397E18D6ED}.Release|x64.ActiveCfg = Release|Any CPU
		{2655F25F-EDFC-4101-A94C-C6397E18D6ED}.Release|x64.Build.0 = Release|Any CPU
		{2655F25F-EDFC-4101-A94C-C6397E18D6ED}.Release|x86.ActiveCfg = Release|Any CPU
		{2655F25F-EDFC-4101-A94C-C6397E18D6ED}.Release|x86.Build.0 = Release|Any CPU
		{752C87C3-FB3A-4196-8F00-4929CF602CDA}.Debug|Any CPU.ActiveCfg = Debug|Any CPU
		{752C87C3-FB3A-4196-8F00-4929CF602CDA}.Debug|Any CPU.Build.0 = Debug|Any CPU
		{752C87C3-FB3A-4196-8F00-4929CF602CDA}.Debug|x64.ActiveCfg = Debug|Any CPU
		{752C87C3-FB3A-4196-8F00-4929CF602CDA}.Debug|x64.Build.0 = Debug|Any CPU
		{752C87C3-FB3A-4196-8F00-4929CF602CDA}.Debug|x86.ActiveCfg = Debug|Any CPU
		{752C87C3-FB3A-4196-8F00-4929CF602CDA}.Debug|x86.Build.0 = Debug|Any CPU
		{752C87C3-FB3A-4196-8F00-4929CF602CDA}.Release|Any CPU.ActiveCfg = Release|Any CPU
		{752C87C3-FB3A-4196-8F00-4929CF602CDA}.Release|Any CPU.Build.0 = Release|Any CPU
		{752C87C3-FB3A-4196-8F00-4929CF602CDA}.Release|x64.ActiveCfg = Release|Any CPU
		{752C87C3-FB3A-4196-8F00-4929CF602CDA}.Release|x64.Build.0 = Release|Any CPU
		{752C87C3-FB3A-4196-8F00-4929CF602CDA}.Release|x86.ActiveCfg = Release|Any CPU
		{752C87C3-FB3A-4196-8F00-4929CF602CDA}.Release|x86.Build.0 = Release|Any CPU
	EndGlobalSection
	GlobalSection(SolutionProperties) = preSolution
		HideSolutionNode = FALSE
	EndGlobalSection
	GlobalSection(NestedProjects) = preSolution
		{567D6E8F-1F0B-42B6-B645-F76AC5D84DB2} = {E7BDDBC6-9FD1-D1D7-ACD8-2C4F8E3D2461}
		{01D87732-428F-BE0B-1437-EA2A96D5152F} = {5854FF58-B8C5-05C6-5BF2-ACE42193F22B}
		{CFE95405-A8CD-4000-BD9A-7AE5A3A30D7D} = {01D87732-428F-BE0B-1437-EA2A96D5152F}
		{5F614FA3-0E3F-468C-827D-38206FF2B655} = {01D87732-428F-BE0B-1437-EA2A96D5152F}
		{EEE19730-EE31-4D0A-9310-6984CB723ACC} = {01D87732-428F-BE0B-1437-EA2A96D5152F}
		{66F0EEC3-4B67-4BFC-AA14-D0295D93D25B} = {01D87732-428F-BE0B-1437-EA2A96D5152F}
		{0627CD9B-BA06-0ED9-0877-4FB821572FE7} = {5854FF58-B8C5-05C6-5BF2-ACE42193F22B}
		{05AAC501-B872-44F3-9797-EC39153C7752} = {0627CD9B-BA06-0ED9-0877-4FB821572FE7}
		{5B609223-1608-4ADE-AD30-A7A7D10C080A} = {0627CD9B-BA06-0ED9-0877-4FB821572FE7}
		{23B07E9A-B20A-4666-B38F-77402176A0C7} = {0627CD9B-BA06-0ED9-0877-4FB821572FE7}
		{CA4084B0-EA6A-4A72-91A8-ED8D68ECA830} = {0627CD9B-BA06-0ED9-0877-4FB821572FE7}
		{A86387A1-6CB7-E87F-8D97-922B56EDCEFC} = {5854FF58-B8C5-05C6-5BF2-ACE42193F22B}
		{8417E33D-0B59-450B-9B59-3E4A949712BD} = {A86387A1-6CB7-E87F-8D97-922B56EDCEFC}
		{8094F043-4ABC-4DFA-BFB2-3BC7C8548878} = {A86387A1-6CB7-E87F-8D97-922B56EDCEFC}
		{662EFA40-06C6-4BBB-9BB5-384EBF34539C} = {A86387A1-6CB7-E87F-8D97-922B56EDCEFC}
		{A6F251C8-D71F-486C-802D-FDDB1B8DB6C6} = {A86387A1-6CB7-E87F-8D97-922B56EDCEFC}
		{1E8351A5-042E-95FF-B18C-14F602C928BE} = {5854FF58-B8C5-05C6-5BF2-ACE42193F22B}
		{688F81E8-855C-4033-A7A7-4C9750FC68E9} = {1E8351A5-042E-95FF-B18C-14F602C928BE}
		{081E200E-6758-4B97-B24A-A44D772A089A} = {1E8351A5-042E-95FF-B18C-14F602C928BE}
		{2A6041FA-8B15-40E4-BB8F-5BA153512026} = {1E8351A5-042E-95FF-B18C-14F602C928BE}
		{18A73905-DF84-4C87-AFE1-61F4055ACE8B} = {1E8351A5-042E-95FF-B18C-14F602C928BE}
		{56843DB0-D8DC-4908-B20F-E6765A7AEAD0} = {4F52FD11-658E-A102-6CD3-7D7C16FFA15B}
		{A6701FEF-A0E7-431A-A2B1-B47EF6F6C8B5} = {4F52FD11-658E-A102-6CD3-7D7C16FFA15B}
		{4377AA58-00C8-456E-B313-8673B8DE634C} = {4F52FD11-658E-A102-6CD3-7D7C16FFA15B}
		{C11069B0-78FC-CF9E-9D65-12F697A0DBA7} = {5854FF58-B8C5-05C6-5BF2-ACE42193F22B}
		{B4E029DB-E4FA-4D43-80B4-AD68A424F5A8} = {C11069B0-78FC-CF9E-9D65-12F697A0DBA7}
		{7CE50981-389C-401F-A096-6A4299673A83} = {C11069B0-78FC-CF9E-9D65-12F697A0DBA7}
		{2655F25F-EDFC-4101-A94C-C6397E18D6ED} = {C11069B0-78FC-CF9E-9D65-12F697A0DBA7}
		{752C87C3-FB3A-4196-8F00-4929CF602CDA} = {C11069B0-78FC-CF9E-9D65-12F697A0DBA7}
	EndGlobalSection
	GlobalSection(ExtensibilityGlobals) = postSolution
		SolutionGuid = {D36A278E-4DC3-40AD-943C-2CBA4421B93D}
	EndGlobalSection
EndGlobal
